version = 1
revision = 3
requires-python = ">=3.11"

[[package]]
name = "colorama"
version = "0.4.6"
source = { registry = "https://pypi.org/simple" }
sdist = { url = "https://files.pythonhosted.org/packages/d8/53/6f443c9a4a8358a93a6792e2acffb9d9d5cb0a5cfd8802644b7b1c9a02e4/colorama-0.4.6.tar.gz", hash = "sha256:08695f5cb7ed6e0531a20572697297273c47b8cae5a63ffc6d6ed5c201be6e44", size = 27697, upload-time = "2022-10-25T02:36:22.414Z" }
wheels = [
    { url = "https://files.pythonhosted.org/packages/d1/d6/3965ed04c63042e047cb6a3e6ed1a63a35087b6a609aa3a15ed8ac56c221/colorama-0.4.6-py2.py3-none-any.whl", hash = "sha256:4f1d9991f5acc0ca119f9d443620b77f9d6b33703e51011c16baf57afb285fc6", size = 25335, upload-time = "2022-10-25T02:36:20.889Z" },
]

[[package]]
name = "cutlet"
version = "0.5.2"
source = { registry = "https://pypi.org/simple" }
dependencies = [
    { name = "fugashi" },
    { name = "jaconv" },
    { name = "mojimoji" },
]
sdist = { url = "https://files.pythonhosted.org/packages/0c/db/03c700e115107f8d75b44c4648535935188f11923cf884c1cd90401afdff/cutlet-0.5.2.tar.gz", hash = "sha256:700b9b241ff2702d01b85431743e6401ca31eb18ab08b4508ee8dada368de529", size = 414731, upload-time = "2026-07-01T07:07:01.307Z" }
wheels = [
    { url = "https://files.pythonhosted.org/packages/be/15/90bdc2301f115774cfbec19b8c97bc16a5551dbdc7a32ee5d94cbef80050/cutlet-0.5.2-py3-none-any.whl", hash = "sha256:a4b0b750854dd007a8691be6db20bb696dd175e92357cfde55a0fd450ab4caff", size = 12780, upload-time = "2026-07-01T07:07:02.731Z" },
]

[[package]]
name = "deprecated"
version = "1.3.1"
source = { registry = "https://pypi.org/simple" }
dependencies = [
    { name = "wrapt" },
]
sdist = { url = "https://files.pythonhosted.org/packages/49/85/12f0a49a7c4ffb70572b6c2ef13c90c88fd190debda93b23f026b25f9634/deprecated-1.3.1.tar.gz", hash = "sha256:b1b50e0ff0c1fddaa5708a2c6b0a6588bb09b892825ab2b214ac9ea9d92a5223", size = 2932523, upload-time = "2025-10-30T08:19:02.757Z" }
wheels = [
    { url = "https://files.pythonhosted.org/packages/84/d0/205d54408c08b13550c733c4b85429e7ead111c7f0014309637425520a9a/deprecated-1.3.1-py2.py3-none-any.whl", hash = "sha256:597bfef186b6f60181535a29fbe44865ce137a5079f295b479886c82729d5f3f", size = 11298, upload-time = "2025-10-30T08:19:00.758Z" },
]

[[package]]
name = "fugashi"
version = "1.5.2"
source = { registry = "https://pypi.org/simple" }
sdist = { url = "https://files.pythonhosted.org/packages/ee/ec/b2e5aeba9438551ee4ae5275e95da506a279f53432e618daa1d4bd14c7d5/fugashi-1.5.2.tar.gz", hash = "sha256:a7959eab95bb37a6a934fc2314d3ff888664d11b88d0e1c596260a5785d5880e", size = 339768, upload-time = "2025-10-24T07:24:27.581Z" }
wheels = [
    { url = "https://files.pythonhosted.org/packages/5a/22/bb911d65dd2144af0ec37f972e59026d3034b44774f135f856dc9777bf41/fugashi-1.5.2-cp311-cp311-macosx_10_9_universal2.whl", hash = "sha256:072f0ba00ea38705ff43916c8438ce9560bf7ae5e67d415b80f4996f0b82b04e", size = 514016, upload-time = "2025-10-24T07:27:04.795Z" },
    { url = "https://files.pythonhosted.org/packages/44/30/2bca56c92422949dc9029d41e0824b9cf5a58768e41aca664f119d7e791d/fugashi-1.5.2-cp311-cp311-macosx_10_9_x86_64.whl", hash = "sha256:e16ada7b953bf5a18fc9c81b2537c58f1c9929b993c6629bf972f96762b221a2", size = 457496, upload-time = "2025-10-24T07:27:05.906Z" },
    { url = "https://files.pythonhosted.org/packages/62/32/f16d5e5a3d1f81c73bb2d28c67afa7a21ac50d6e297f11d23112859348af/fugashi-1.5.2-cp311-cp311-macosx_11_0_arm64.whl", hash = "sha256:f855953ac6c98cf239d407d341e3298a54119c8de88217037f012096e41ebe7b", size = 454607, upload-time = "2025-10-24T07:27:06.91Z" },
    { url = "https://files.pythonhosted.org/packages/53/a6/2ed278096a907a2bf7b569492c8f43ede4002a70448d1f98bf94a329498b/fugashi-1.5.2-cp311-cp311-manylinux2014_aarch64.manylinux_2_17_aarch64.whl", hash = "sha256:516d61660c7b2262047e531b0a99275ce63fd2256f30282fc5066160435478a6", size = 682106, upload-time = "2025-10-24T07:48:52.794Z" },
    { url = "https://files.pythonhosted.org/packages/36/e3/9e2ff9da54441692e3275c358751fc0894a449aa0b71eaea6a11734848ec/fugashi-1.5.2-cp311-cp311-manylinux2014_x86_64.manylinux_2_17_x86_64.whl", hash = "sha256:ff899e1767024ba8bc53d8a2cf90bca19a6a54b14ddf05a75d04169f7acb262c", size = 695295, upload-time = "2025-10-24T07:25:37.688Z" },
    { url = "https://files.pythonhosted.org/packages/09/e4/67eeb715b602e7024e8291554cb60bae2f3d87e9987db1f8a1b4c0a0e567/fugashi-1.5.2-cp311-cp311-win_amd64.whl", hash = "sha256:5c5e04cb808f5cd46fc682469702f1e34f6199a264514e5c21b1e17ea4f8313f", size = 508985, upload-time = "2025-10-24T07:24:03.042Z" },
    { url = "https://files.pythonhosted.org/packages/f8/83/8674714722862cf7cbdc351ecacf0e0714daa1ae3afc48755d1349f92632/fugashi-1.5.2-cp312-cp312-macosx_10_13_universal2.whl", hash = "sha256:4ed199a931c1d9f7d55c606d90a06323d1a60164ec222ea70af74c0c9d236faa", size = 513185, upload-time = "2025-10-24T07:27:08.134Z" },
    { url = "https://files.pythonhosted.org/packages/65/e2/d8fbb71b3e04fe8e99bd7b2653ac638484d8ab46b22cab6ea64250a020ce/fugashi-1.5.2-cp312-cp312-macosx_10_13_x86_64.whl", hash = "sha256:3d2bb28cc6c6eec1c50729bb2dda44007a45599f0471b14c8fda57b0dde36d50", size = 457118, upload-time = "2025-10-24T07:27:09.185Z" },
    { url = "https://files.pythonhosted.org/packages/42/63/e5e02d885d3ea3eeba7f3be371164eb35f618155faa473f0950cbba2d276/fugashi-1.5.2-cp312-cp312-macosx_11_0_arm64.whl", hash = "sha256:8c1f64345a7a13b229fb755b567cbc993adb43b5b617ad4089521e5dd4d27b91", size = 455098, upload-time = "2025-10-24T07:27:10.139Z" },
    { url = "https://files.pythonhosted.org/packages/6b/5f/549fdaa359e1983927cf1febd8d6b4b31e2312475048a73138b53af8cb6c/fugashi-1.5.2-cp312-cp312-manylinux2014_aarch64.manylinux_2_17_aarch64.whl", hash = "sha256:ffe760c93e21896cc74066bc5e7dbee6e41a26199807c850b486e2e29b8a3131", size = 677940, upload-time = "2025-10-24T07:48:53.995Z" },
    { url = "https://files.pythonhosted.org/packages/cd/30/436dd468ac8e08940f0414384a5808596c2ed8cbfd721dde09d5b78e8ec5/fugashi-1.5.2-cp312-cp312-manylinux2014_x86_64.manylinux_2_17_x86_64.whl", hash = "sha256:83bc7bf08f81a3c3992bf10b8c681720898a826c6c3dffa80e1296e005f4bfb8", size = 694924, upload-time = "2025-10-24T07:25:39.112Z" },
    { url = "https://files.pythonhosted.org/packages/d7/ce/b18879c94c6267981a65792045321a1d71b849893b40d7e8356e0b55542c/fugashi-1.5.2-cp312-cp312-win_amd64.whl", hash = "sha256:936d710166c5b05064ec2ce0eb347fff7a0cf102c33989012fad205346943402", size = 508407, upload-time = "2025-10-24T07:24:25.409Z" },
    { url = "https://files.pythonhosted.org/packages/0b/8d/bfe6958e1afa874c8a2e3016728fb0d69d33c08fd96f27327d8eab8bff6e/fugashi-1.5.2-cp313-cp313-macosx_10_13_universal2.whl", hash = "sha256:5cd0a399aad72d00a3b6b2d8c45e43a8c1e3aefd86ba153c826426b8e133e533", size = 511673, upload-time = "2025-10-24T07:27:11.132Z" },
    { url = "https://files.pythonhosted.org/packages/8d/c7/4de35c314c1e8d169ce2f630ba2d7bc538e990a338287ed3fd945639263e/fugashi-1.5.2-cp313-cp313-macosx_10_13_x86_64.whl", hash = "sha256:52c79cddbdcf4bbd0490212d2b2d78b6011d4cf733ff4ef9455274da9a8d54f0", size = 456259, upload-time = "2025-10-24T07:27:12.272Z" },
    { url = "https://files.pythonhosted.org/packages/7c/31/a6a79ae7d2eec7e052069ae697e361b15702707977cded3a9f6332a6c26e/fugashi-1.5.2-cp313-cp313-macosx_11_0_arm64.whl", hash = "sha256:2ee7b102fef6ec554bdeba51a969ce894a519cc71bade5d05a27935de4426745", size = 454408, upload-time = "2025-10-24T07:27:13.613Z" },
    { url = "https://files.pythonhosted.org/packages/58/6c/827a698ab08b98d221995a44ebec382e5ee4e1bfd4f123ade612ba3b6b04/fugashi-1.5.2-cp313-cp313-manylinux2014_aarch64.manylinux_2_17_aarch64.whl", hash = "sha256:32e01a394011270078efb6c71ef188c327255544d953692cd82f7f726d59ecc4", size = 674106, upload-time = "2025-10-24T07:48:56.407Z" },
    { url = "https://files.pythonhosted.org/packages/c8/b4/07c38f81d69e02d3edce0fa1de545e12aed3f518e0d9304a7a061dc0b79f/fugashi-1.5.2-cp313-cp313-manylinux2014_x86_64.manylinux_2_17_x86_64.whl", hash = "sha256:0e79d3f09d847d07eddf8e62ad9840b11331102bc31ecd66455c62581af11638", size = 691438, upload-time = "2025-10-24T07:25:40.719Z" },
    { url = "https://files.pythonhosted.org/packages/62/8a/180961057af06edac8001de3b32367a07d6af096ed0d1f2b57753a9a9b0a/fugashi-1.5.2-cp313-cp313-win_amd64.whl", hash = "sha256:cc5e5ece1f6ba1ce00f2a0a9465d2b91fe01e904888aa0c7089a20e471646c47", size = 508286, upload-time = "2025-10-24T07:24:04.348Z" },
    { url = "https://files.pythonhosted.org/packages/fd/43/4782f2a2ab963f2ca532a017884e915cecf120640f5c03ae9ee108c1d83c/fugashi-1.5.2-cp314-cp314-macosx_10_15_universal2.whl", hash = "sha256:0535dcc5a844fb196c215020a5791e5ac0b6c26ee4879cb0e63545c5e6f33642", size = 511665, upload-time = "2025-10-24T07:27:14.985Z" },
    { url = "https://files.pythonhosted.org/packages/76/ed/d9aa07712244b0488ee201a3435b3354fa93accc0d3d0a801b5af258fcba/fugashi-1.5.2-cp314-cp314-macosx_10_15_x86_64.whl", hash = "sha256:0805863a5268e112bc3c01e9d77e58a7c5ea079d893a18e0d381f3874f690949", size = 456084, upload-time = "2025-10-24T07:27:16.324Z" },
    { url = "https://files.pythonhosted.org/packages/2b/c5/10331bc9a8140570e84752981a1cbe379987071064a8825279e5ac60445e/fugashi-1.5.2-cp314-cp314-macosx_11_0_arm64.whl", hash = "sha256:75a8f6219e26e54c95a969af6c5c67f6ea65e333aecc4e85ccc360488e4ba056", size = 454547, upload-time = "2025-10-24T07:27:17.272Z" },
    { url = "https://files.pythonhosted.org/packages/2c/19/bdbcfbd3d63a03ed8265ae5cb696dcff0b9cfbb79b8952e81d641aafcfcc/fugashi-1.5.2-cp314-cp314-manylinux2014_aarch64.manylinux_2_17_aarch64.whl", hash = "sha256:79cf4b79809e7e9016dc179e35789bb6a0b9df44e03993835c23d5cb31994de2", size = 673301, upload-time = "2025-10-24T07:48:58.264Z" },
    { url = "https://files.pythonhosted.org/packages/39/76/2502adeac68d11194c52bef0cd14d27eed5776a7013045ca2ec94e9e4b58/fugashi-1.5.2-cp314-cp314-manylinux2014_x86_64.manylinux_2_17_x86_64.whl", hash = "sha256:71c0027aa11747adcb3753d31663290c53fea8007371f0b080c53c192918ceb9", size = 686424, upload-time = "2025-10-24T07:25:42.015Z" },
    { url = "https://files.pythonhosted.org/packages/71/0e/a5776ae1e355d2db9a3874cbdbf9c7325cbd11b300f1a25d3e86ecb26420/fugashi-1.5.2-cp314-cp314-win_amd64.whl", hash = "sha256:a3c69086650a66bfffb5dd4952d42a9274cea9b110df7b4837c74da1fe4f98f3", size = 519467, upload-time = "2025-10-24T07:25:46.623Z" },
    { url = "https://files.pythonhosted.org/packages/4d/c5/b2b7903a52703d1eb30623ed42dab54fcf13764e3efc72e5e18b55130630/fugashi-1.5.2-cp314-cp314t-macosx_10_15_universal2.whl", hash = "sha256:41e3f388913a87826045722ab59611b27a4654a51e2037c69d6189e04f33f6f5", size = 518986, upload-time = "2025-10-24T07:27:18.218Z" },
    { url = "https://files.pythonhosted.org/packages/b2/dd/ccdbf674060965930a04ba69f889f3b449fdce7ebcfc4ad26570ed53b02e/fugashi-1.5.2-cp314-cp314t-macosx_10_15_x86_64.whl", hash = "sha256:bb6e06928bd428a8a139660866f01dadd55546b6395a34dffe5602d8c1329205", size = 459402, upload-time = "2025-10-24T07:27:19.126Z" },
    { url = "https://files.pythonhosted.org/packages/e1/d0/3cc82f13f0414f2d0daa231a5811d23ee58dfb734403b2b2a3f44deb7bb9/fugashi-1.5.2-cp314-cp314t-macosx_11_0_arm64.whl", hash = "sha256:e516bde355c2ba53b5b2ce37760cf67f6f186c79efa049f9ab3767bc843f341b", size = 458548, upload-time = "2025-10-24T07:27:20.195Z" },
]

[[package]]
name = "iniconfig"
version = "2.3.0"
source = { registry = "https://pypi.org/simple" }
sdist = { url = "https://files.pythonhosted.org/packages/72/34/14ca021ce8e5dfedc35312d08ba8bf51fdd999c576889fc2c24cb97f4f10/iniconfig-2.3.0.tar.gz", hash = "sha256:c76315c77db068650d49c5b56314774a7804df16fee4402c1f19d6d15d8c4730", size = 20503, upload-time = "2025-10-18T21:55:43.219Z" }
wheels = [
    { url = "https://files.pythonhosted.org/packages/cb/b1/3846dd7f199d53cb17f49cba7e651e9ce294d8497c8c150530ed11865bb8/iniconfig-2.3.0-py3-none-any.whl", hash = "sha256:f631c04d2c48c52b84d0d0549c99ff3859c98df65b3101406327ecc7d53fbf12", size = 7484, upload-time = "2025-10-18T21:55:41.639Z" },
]

[[package]]
name = "jaconv"
version = "0.5.0"
source = { registry = "https://pypi.org/simple" }
sdist = { url = "https://files.pythonhosted.org/packages/91/0e/9fffaacda59bdfa479372c71d18d72968d2af5a36a5a2086b02a60124b98/jaconv-0.5.0.tar.gz", hash = "sha256:53f6f968276846716f0f37100a6d5c7308cfa1e0c714eb41287d5bb09345c40f", size = 21816, upload-time = "2026-02-08T11:15:57.07Z" }
wheels = [
    { url = "https://files.pythonhosted.org/packages/3b/da/9657d637bcacdbaf6a914ce504000da5639f9d945f8d3552a940f021d6c0/jaconv-0.5.0-py3-none-any.whl", hash = "sha256:2914114fe761ca49fc7089e25e6ad4a400c26f262ffce84e13b176916b71610a", size = 16831, upload-time = "2026-02-08T11:15:55.322Z" },
]

[[package]]
name = "mojimoji"
version = "0.0.13"
source = { registry = "https://pypi.org/simple" }
sdist = { url = "https://files.pythonhosted.org/packages/08/fb/ee22357cd7622fb879fac575feaffc54469ed9a0c1d9073355b1ebc62b7f/mojimoji-0.0.13.tar.gz", hash = "sha256:0e6d2fba22cc8bf132a5bdf3a964296d9287a618d09681a12868f0fd518e4230", size = 5010, upload-time = "2024-01-12T10:38:30.532Z" }
wheels = [
    { url = "https://files.pythonhosted.org/packages/23/57/53640dc93fc65242f65b9c10e2ae6c991298f3a2ae986be5051b45a3718d/mojimoji-0.0.13-cp311-cp311-macosx_10_9_x86_64.whl", hash = "sha256:c97d7c1861635cd538f44bf70dd27ed24435b0f8fe634ca52c49cb4c4424d6fa", size = 52496, upload-time = "2024-01-12T10:37:51.931Z" },
    { url = "https://files.pythonhosted.org/packages/e0/11/4699c0279a2b82008967c4a938bb1becd65383e0fe7ac719acec891c8d63/mojimoji-0.0.13-cp311-cp311-macosx_11_0_arm64.whl", hash = "sha256:2402eaf2a5f963735c44e59559fa00ee8eb8dec46c0e3f29bfdb1ee49d7a75df", size = 48453, upload-time = "2024-01-12T10:37:53.12Z" },
    { url = "https://files.pythonhosted.org/packages/77/75/ab823cf487ba3f0225da2780975e342f07299d4059ac934a476fe61d4414/mojimoji-0.0.13-cp311-cp311-manylinux_2_17_i686.manylinux2014_i686.whl", hash = "sha256:60a7358d7d413d4ea9c92e3b523ab4e701e30cefc505b2f1409761fc9e7ba730", size = 201309, upload-time = "2024-01-12T10:37:54.203Z" },
    { url = "https://files.pythonhosted.org/packages/78/93/866d76f25eca48a9b68639d0584e547c0f429a7b140daaaf752a2e5faa0d/mojimoji-0.0.13-cp311-cp311-manylinux_2_17_x86_64.manylinux2014_x86_64.whl", hash = "sha256:535f278df0a26280e904cd3688ae610414b176cc373431ac31e378305ee96452", size = 205684, upload-time = "2024-01-12T10:37:55.407Z" },
    { url = "https://files.pythonhosted.org/packages/0f/11/cb88596fb5286f98c93c054d881b817655cc22af52185e2242230738704e/mojimoji-0.0.13-cp311-cp311-win32.whl", hash = "sha256:d27f88051d4fde5b2fdb1a07e3064c950541da6d25e3f1829eedededc015b0c2", size = 39901, upload-time = "2024-01-12T10:37:56.575Z" },
    { url = "https://files.pythonhosted.org/packages/5d/1b/159b658b1bc9b2e6faf004e086dd81ce758a62cc5e8405065f7e30db0b8a/mojimoji-0.0.13-cp311-cp311-win_amd64.whl", hash = "sha256:ea2f75e93425f0bcfaef68c189845ec9a212d37a4997ffa35353ef7e5c57ca9a", size = 43942, upload-time = "2024-01-12T10:37:57.65Z" },
    { url = "https://files.pythonhosted.org/packages/55/51/4f8fb6d6d96ef623d5014b8f5b006c697d045d2df5696194811246570ac9/mojimoji-0.0.13-cp312-cp312-macosx_10_9_x86_64.whl", hash = "sha256:9d8f1618fb9b100bba172f2629df20e6db591ce5912996ac630d215627dd7553", size = 49596, upload-time = "2024-01-12T10:37:59.259Z" },
    { url = "https://files.pythonhosted.org/packages/5b/12/b21c4ecf2fb5d162c0f6fde9dc401cc9a730dab4f85373ca25c350c204e7/mojimoji-0.0.13-cp312-cp312-macosx_11_0_arm64.whl", hash = "sha256:ad4a2e1fb2b643ac3166f30be97a95ad1877e4670c6dc656c4ef580681b84c49", size = 46720, upload-time = "2024-01-12T10:38:00.44Z" },
    { url = "https://files.pythonhosted.org/packages/0d/85/954d806efbead02c87320b96436d2834d7f2f164de3ef4dd7e5f71f92f71/mojimoji-0.0.13-cp312-cp312-manylinux_2_17_i686.manylinux2014_i686.whl", hash = "sha256:d001f2042073b194bad071925b7ee36d9f320b79c93b4463df87267fee986e86", size = 204364, upload-time = "2024-01-12T10:38:02.149Z" },
    { url = "https://files.pythonhosted.org/packages/b8/bc/f262abd0bec2316cbfe972ba2a79c0d5836f0f536877fa59347a76065f80/mojimoji-0.0.13-cp312-cp312-manylinux_2_17_x86_64.manylinux2014_x86_64.whl", hash = "sha256:3c5fd38d1f4079dc54ac79f93b0e5442c660b297a3868308251ffc37beb1216b", size = 211246, upload-time = "2024-01-12T10:38:03.296Z" },
    { url = "https://files.pythonhosted.org/packages/51/a4/5ec16d4570a4f64d4abf70d21282d4c59e0665fa0badf2793c14263765bc/mojimoji-0.0.13-cp312-cp312-win32.whl", hash = "sha256:c97ee81e4f7083df13b8ef690366e67afd8170c8f7c259161bae6ed12d41fe5b", size = 38641, upload-time = "2024-01-12T10:38:05.306Z" },
    { url = "https://files.pythonhosted.org/packages/e0/da/aa46aa90ddeab3a00b8c36d5f3d64b630a0a1fa8ad6468f10365ffbb80a2/mojimoji-0.0.13-cp312-cp312-win_amd64.whl", hash = "sha256:6e442d6dcfb2fc1a08eea86da80ebe71ad63fbc4217fa4faede7023c0b51d055", size = 42280, upload-time = "2024-01-12T10:38:07.045Z" },
]

[[package]]
name = "packaging"
version = "26.3"
source = { registry = "https://pypi.org/simple" }
sdist = { url = "https://files.pythonhosted.org/packages/7d/fa/3944b40b07da9ce895c0e6303a5ab7d53da063554f534556b134a54d6093/packaging-26.3.tar.gz", hash = "sha256:94edc256424af38762eb31306eed28beb9f0efc50a8837492c9d6fd6004aed79", size = 313412, upload-time = "2026-08-04T18:15:28.737Z" }
wheels = [
    { url = "https://files.pythonhosted.org/packages/63/34/ba1c580383c9eada3711951fef0795c80b829a078d72188184bcab9dd527/packaging-26.3-py3-none-any.whl", hash = "sha256:d7193f7c8e4e93f444fde0262bf90af30e16fa0ad0ad44cb553c87339b23cd1c", size = 129956, upload-time = "2026-08-04T18:15:27.159Z" },
]

[[package]]
name = "pluggy"
version = "1.6.0"
source = { registry = "https://pypi.org/simple" }
sdist = { url = "https://files.pythonhosted.org/packages/f9/e2/3e91f31a7d2b083fe6ef3fa267035b518369d9511ffab804f839851d2779/pluggy-1.6.0.tar.gz", hash = "sha256:7dcc130b76258d33b90f61b658791dede3486c3e6bfb003ee5c9bfb396dd22f3", size = 69412, upload-time = "2025-05-15T12:30:07.975Z" }
wheels = [
    { url = "https://files.pythonhosted.org/packages/54/20/4d324d65cc6d9205fabedc306948156824eb9f0ee1633355a8f7ec5c66bf/pluggy-1.6.0-py3-none-any.whl", hash = "sha256:e920276dd6813095e9377c0bc5566d94c932c33b27a3e3945d8389c374dd4746", size = 20538, upload-time = "2025-05-15T12:30:06.134Z" },
]

[[package]]
name = "pygments"
version = "2.20.0"
source = { registry = "https://pypi.org/simple" }
sdist = { url = "https://files.pythonhosted.org/packages/c3/b2/bc9c9196916376152d655522fdcebac55e66de6603a76a02bca1b6414f6c/pygments-2.20.0.tar.gz", hash = "sha256:6757cd03768053ff99f3039c1a36d6c0aa0b263438fcab17520b30a303a82b5f", size = 4955991, upload-time = "2026-03-29T13:29:33.898Z" }
wheels = [
    { url = "https://files.pythonhosted.org/packages/f4/7e/a72dd26f3b0f4f2bf1dd8923c85f7ceb43172af56d63c7383eb62b332364/pygments-2.20.0-py3-none-any.whl", hash = "sha256:81a9e26dd42fd28a23a2d169d86d7ac03b46e2f8b59ed4698fb4785f946d0176", size = 1231151, upload-time = "2026-03-29T13:29:30.038Z" },
]

[[package]]
name = "pykakasi"
version = "2.3.0"
source = { registry = "https://pypi.org/simple" }
dependencies = [
    { name = "deprecated" },
    { name = "jaconv" },
]
sdist = { url = "https://files.pythonhosted.org/packages/ad/32/2a8e213fd744459a03864af7cf4c6142ee061fc915757c8152d147b16015/pykakasi-2.3.0.tar.gz", hash = "sha256:fa052a8e63f59fb8d6569abbe719a8c9f9daf15ed27a67a56ab1705f0f67b0a1", size = 21752447, upload-time = "2024-06-24T04:57:31.233Z" }
wheels = [
    { url = "https://files.pythonhosted.org/packages/0f/e8/11644fe823e05c583b330e9fb81e3e8fc5d079036512a8300fc157be349d/pykakasi-2.3.0-py3-none-any.whl", hash = "sha256:26d21b090048ff45c6a4d8e962426b7951767216008ec30358e8a9d74af77f29", size = 2395003, upload-time = "2024-06-24T04:57:18.101Z" },
]

[[package]]
name = "pytest"
version = "9.1.1"
source = { registry = "https://pypi.org/simple" }
dependencies = [
    { name = "colorama", marker = "sys_platform == 'win32'" },
    { name = "iniconfig" },
    { name = "packaging" },
    { name = "pluggy" },
    { name = "pygments" },
]
sdist = { url = "https://files.pythonhosted.org/packages/e4/47/b9efed96c114afcfa3c9d3fe98a76a1d14c74a9e266d397cf6eb64be5e01/pytest-9.1.1.tar.gz", hash = "sha256:1088fbde8f2b49d95a549a195707afa7a76a3ce9bcadc26b6d71f0ffda5fe313", size = 1636369, upload-time = "2026-06-19T10:58:32.857Z" }
wheels = [
    { url = "https://files.pythonhosted.org/packages/24/25/1de2678b631f5a49215c6c96fff41ba892b0a34df68d6d80292b1b48aa7f/pytest-9.1.1-py3-none-any.whl", hash = "sha256:37a86b45efb9a47a61a36449063e8e18d0cab3161329fc099eb21783169c4f0c", size = 386536, upload-time = "2026-06-19T10:58:31.347Z" },
]

[[package]]
name = "romaji"
version = "0.1.0"
source = { editable = "." }
dependencies = [
    { name = "cutlet" },
    { name = "fugashi" },
    { name = "jaconv" },
    { name = "pykakasi" },
    { name = "unidic-lite" },
]

[package.dev-dependencies]
dev = [
    { name = "pytest" },
]

[package.metadata]
requires-dist = [
    { name = "cutlet", specifier = ">=0.5.2" },
    { name = "fugashi", specifier = ">=1.5.2" },
    { name = "jaconv", specifier = ">=0.5.0" },
    { name = "pykakasi", specifier = ">=2.3.0" },
    { name = "unidic-lite", specifier = ">=1.0.8" },
]

[package.metadata.requires-dev]
dev = [{ name = "pytest", specifier = ">=9.1.1" }]

[[package]]
name = "unidic-lite"
version = "1.0.8"
source = { registry = "https://pypi.org/simple" }
sdist = { url = "https://files.pythonhosted.org/packages/55/2b/8cf7514cb57d028abcef625afa847d60ff1ffbf0049c36b78faa7c35046f/unidic-lite-1.0.8.tar.gz", hash = "sha256:db9d4572d9fdd4d00a97949d4b0741ec480ee05a7e7e2e32f547500dae27b245", size = 47356746, upload-time = "2021-01-25T06:07:54.719Z" }

[[package]]
name = "wrapt"
version = "2.3.0"
source = { registry = "https://pypi.org/simple" }
sdist = { url = "https://files.pythonhosted.org/packages/2b/b0/c1f5a970721f06b85c0cd5142e0ff8fe067708abd779b0c4f4be7d61d09f/wrapt-2.3.0.tar.gz", hash = "sha256:681a2d0eefd721998f90642762b8e75c2159ec531b20ad5e437245ea7b06a107", size = 131509, upload-time = "2026-07-28T06:06:14.895Z" }
wheels = [
    { url = "https://files.pythonhosted.org/packages/00/b8/9182e4c618a847be0baccb68e4602b070d0fa22c782cf058f4bc66b32709/wrapt-2.3.0-cp311-cp311-macosx_10_9_x86_64.whl", hash = "sha256:5ab559e1b2551d23d54db2a0001c6d73bad022a254639561c5f6c382a9d6c2fe", size = 81427, upload-time = "2026-07-28T06:04:20.106Z" },
    { url = "https://files.pythonhosted.org/packages/84/ca/613cefd9c5977366b1587e61c0b428176d382e6d75b454084c5e58503042/wrapt-2.3.0-cp311-cp311-macosx_11_0_arm64.whl", hash = "sha256:bff9a671bc00709cab5a7f745c592b5671873449db0ee2a569af994f16b29a4d", size = 82360, upload-time = "2026-07-28T06:04:21.613Z" },
    { url = "https://files.pythonhosted.org/packages/71/71/4cd2151a236f44a6e2dd4ed8011838d7ba0be3d656c8bafdfc65a2ed1917/wrapt-2.3.0-cp311-cp311-manylinux1_x86_64.manylinux_2_28_x86_64.manylinux_2_5_x86_64.whl", hash = "sha256:fc648a335d7e01adb3640b25f02fd0ea05886cf04d0af7f4ee902bc7b5e466e8", size = 161700, upload-time = "2026-07-28T06:04:22.723Z" },
    { url = "https://files.pythonhosted.org/packages/49/2c/bc508fee75eb2919ed69769800b09968e4aab16897f909a23f39c81e323f/wrapt-2.3.0-cp311-cp311-manylinux2014_aarch64.manylinux_2_17_aarch64.manylinux_2_28_aarch64.whl", hash = "sha256:d0077f3d65541925fa83002f967b22ad6550d24813ac64cb905f717194128d9c", size = 162922, upload-time = "2026-07-28T06:04:24.177Z" },
    { url = "https://files.pythonhosted.org/packages/4d/e5/04f34d38e66d857dfc2fc4088d60e70c0e422467822defa49b2b4a26e17b/wrapt-2.3.0-cp311-cp311-manylinux_2_31_riscv64.manylinux_2_39_riscv64.whl", hash = "sha256:9790ea25190a4e0fe4cdf4eeb868e9d75f8a024a70a5b6bf9c348a3a2b72e731", size = 156125, upload-time = "2026-07-28T06:04:25.58Z" },
    { url = "https://files.pythonhosted.org/packages/23/41/c35940ea1c423f129ebe4361db853bc80d4def6326242e1206fa15bf94f4/wrapt-2.3.0-cp311-cp311-musllinux_1_2_aarch64.whl", hash = "sha256:816877aa749253149f9ecfd2635d4d948ecfa338e1a0311d187b1acb1bb8a3eb", size = 162039, upload-time = "2026-07-28T06:04:27.154Z" },
    { url = "https://files.pythonhosted.org/packages/0e/60/9bda34c3d7d182aa703fe35339ae0ed4c4dad5e5c587f93890143e1f87fb/wrapt-2.3.0-cp311-cp311-musllinux_1_2_riscv64.whl", hash = "sha256:3d1c2c1b808600d2ea808e6360910a60ed5f409a4011655e10f9164ba0a414a6", size = 155110, upload-time = "2026-07-28T06:04:28.497Z" },
    { url = "https://files.pythonhosted.org/packages/e8/ba/60bfd9b1a751f4fcb2d603668fc272d651ccdd339a56acf8c40ad21a0293/wrapt-2.3.0-cp311-cp311-musllinux_1_2_x86_64.whl", hash = "sha256:5ba1e5e08ddc46130e9682b2c249f2d1dd39bda9106ed4bd401b7519f18f41bd", size = 161089, upload-time = "2026-07-28T06:04:29.959Z" },
    { url = "https://files.pythonhosted.org/packages/0f/32/2bd358c6f4f1305c813479d1e9ba746bebdd794f4a20107ab2b3ee0cbd45/wrapt-2.3.0-cp311-cp311-win32.whl", hash = "sha256:45c9279b373d15649dfa2c2077cb3408ea1a6d3125afbdab9d6b809a66f68e14", size = 78030, upload-time = "2026-07-28T06:04:31.241Z" },
    { url = "https://files.pythonhosted.org/packages/4a/62/ecc969b13b141fef89b888c9760821cb01a86ac8fc953911592c8e1e1522/wrapt-2.3.0-cp311-cp311-win_amd64.whl", hash = "sha256:195b1842b4122fb54e3cd3dd5b2b4aa49302a5a61da901df0481f5c97aedde84", size = 80944, upload-time = "2026-07-28T06:04:32.655Z" },
    { url = "https://files.pythonhosted.org/packages/c4/3d/9278ada8a2b3f24372b630361e84e9a7de7abc3784634860c26d1c37785a/wrapt-2.3.0-cp311-cp311-win_arm64.whl", hash = "sha256:6db604ef0c67bdb2042ecdfd7b7f037cf09733557ca42360d1018285634f7b98", size = 80074, upload-time = "2026-07-28T06:04:33.811Z" },
    { url = "https://files.pythonhosted.org/packages/5b/4a/d17a0fad1bf1c5f2c887ff71fef75654141b0880bff71d157d955b5bec3a/wrapt-2.3.0-cp312-cp312-macosx_10_13_x86_64.whl", hash = "sha256:0a45ffae742ce91a16e11cb6c7cd71e7f9994f3cbd283b962ab093f5c6dcf525", size = 82139, upload-time = "2026-07-28T06:04:35.082Z" },
    { url = "https://files.pythonhosted.org/packages/6e/55/51b92daaf6defb57f4dc56bdcce985400f75c6984a03ca5e78ccac717028/wrapt-2.3.0-cp312-cp312-macosx_11_0_arm64.whl", hash = "sha256:69e477046f2237ef0bc6547544ee73008dc764ca26eff44f09e976d221b34d5d", size = 82723, upload-time = "2026-07-28T06:04:36.502Z" },
    { url = "https://files.pythonhosted.org/packages/28/7f/cfd9bc4b1f5e424eeea83d0493e43f3b1b02707ce8e50c47945873982bd5/wrapt-2.3.0-cp312-cp312-manylinux1_x86_64.manylinux_2_28_x86_64.manylinux_2_5_x86_64.whl", hash = "sha256:5d221a6e6ddd302b8397433184e96b59f259f50024b854db1c411a881586b6b8", size = 172381, upload-time = "2026-07-28T06:04:37.674Z" },
    { url = "https://files.pythonhosted.org/packages/cb/89/ff7814f6eb6856b479946117d1138a2fbb46cdb6b1f379db359056c69743/wrapt-2.3.0-cp312-cp312-manylinux2014_aarch64.manylinux_2_17_aarch64.manylinux_2_28_aarch64.whl", hash = "sha256:392158c9a7f2ab1b8699418bfc0fe6f83548788c418b27d7bf2019ad3405cebb", size = 174120, upload-time = "2026-07-28T06:04:38.987Z" },
    { url = "https://files.pythonhosted.org/packages/12/1e/8eded8615d39e3ce81f626937a3a87b280a2a86239a2bf14a4b4bb345034/wrapt-2.3.0-cp312-cp312-manylinux_2_31_riscv64.manylinux_2_39_riscv64.whl", hash = "sha256:e5301c35cf75655eb33498f2bd6ae8703ca19940e3167dc9cdf740c712a39c60", size = 163035, upload-time = "2026-07-28T06:04:40.361Z" },
    { url = "https://files.pythonhosted.org/packages/35/ea/a0af2d9da62897af2a055484920de05dade30d2ba2c0d65cbdea875d3d8b/wrapt-2.3.0-cp312-cp312-musllinux_1_2_aarch64.whl", hash = "sha256:418f54bb09d1762db02c7009b4051149893af3153a87f92d70356703c11eea02", size = 171887, upload-time = "2026-07-28T06:04:41.614Z" },
    { url = "https://files.pythonhosted.org/packages/7e/dd/63cd4c864c65ef4906df64bd2d378f4a62b54f28063f282dfb3bf93caead/wrapt-2.3.0-cp312-cp312-musllinux_1_2_riscv64.whl", hash = "sha256:1598becd30f8f2777d18564064eb4f4dbe1ab0e05a8f09786d0ef505ac782bf3", size = 161113, upload-time = "2026-07-28T06:04:42.864Z" },
    { url = "https://files.pythonhosted.org/packages/ca/ee/82f1fc9e431b5c2c5a6d201aa865dbeae3984c311c6d11a185f0c8367cf6/wrapt-2.3.0-cp312-cp312-musllinux_1_2_x86_64.whl", hash = "sha256:3da470536bf9645143323dd41b32db55c6f4304ad382094c1a1da8a92061e10d", size = 170530, upload-time = "2026-07-28T06:04:44.212Z" },
    { url = "https://files.pythonhosted.org/packages/37/a5/5dc590e863a419930d988f8b7ca3e75a6befcfb10b6003b3a152f3d5f732/wrapt-2.3.0-cp312-cp312-win32.whl", hash = "sha256:fb8e2e6704a1e0b1b989546c69e2688371ef4a07fa5f61bde3eb6211186f5ac1", size = 78323, upload-time = "2026-07-28T06:04:45.484Z" },
    { url = "https://files.pythonhosted.org/packages/51/f9/4a6925a07951df56394f7e6ebe14f69f1c5ef9d87aa63e0839acf15aa63a/wrapt-2.3.0-cp312-cp312-win_amd64.whl", hash = "sha256:cdc021cb0b62471d6aac7f2bd92f3b4658073775f9ee7fcd325c511129e7bcc8", size = 81180, upload-time = "2026-07-28T06:04:47.021Z" },
    { url = "https://files.pythonhosted.org/packages/a8/4f/8b5de0395b2a72216751d41c9861df6facaeb611b619d8810ed2b3b23eb2/wrapt-2.3.0-cp312-cp312-win_arm64.whl", hash = "sha256:67bfe2485f50368c3fcd2275fc1fd100e350d601e0058921a7c82678a465aeab", size = 80155, upload-time = "2026-07-28T06:04:48.373Z" },
    { url = "https://files.pythonhosted.org/packages/8e/6e/0f88a072483e76b881e3fdcd6b6ffb4a5791002514fe541e72b1b73c859a/wrapt-2.3.0-cp313-cp313-macosx_10_13_x86_64.whl", hash = "sha256:0d3fb71e65b001adfc42684522eeccd9c21d8ba679945abc993439567b66e59f", size = 81960, upload-time = "2026-07-28T06:04:49.622Z" },
    { url = "https://files.pythonhosted.org/packages/d7/ff/b7e2776e7c294075eb712cc9ef573d1b818f393006d09787262b8fc871c4/wrapt-2.3.0-cp313-cp313-macosx_11_0_arm64.whl", hash = "sha256:51a7a4181c1295774812271fbcd7c909df372bc25579d4ed9eb875caaf0ae86f", size = 82435, upload-time = "2026-07-28T06:04:50.9Z" },
    { url = "https://files.pythonhosted.org/packages/d8/90/343bb5d0f1f9669bc252a6073f085b4abf862511bd5c9c9eaec754341f1d/wrapt-2.3.0-cp313-cp313-manylinux1_x86_64.manylinux_2_28_x86_64.manylinux_2_5_x86_64.whl", hash = "sha256:9045917809c63fdf7abe3a2ceaed3d670b8ee4500ddd9291192d30aeb34467c5", size = 170350, upload-time = "2026-07-28T06:04:52.187Z" },
    { url = "https://files.pythonhosted.org/packages/59/f8/13b79a392930bd0dd6b86cbfbfe1c40944110456e1dc6d809e5c46ece904/wrapt-2.3.0-cp313-cp313-manylinux2014_aarch64.manylinux_2_17_aarch64.manylinux_2_28_aarch64.whl", hash = "sha256:54ca1d5573f69b5fe1d74f1f65799c68015e82f685efec9fd8cfa40a094c44d0", size = 170022, upload-time = "2026-07-28T06:04:53.599Z" },
    { url = "https://files.pythonhosted.org/packages/b2/fc/4f1b6918f5290db959d6e0c07f77385d87cede29c39c9cf8f145e9c82954/wrapt-2.3.0-cp313-cp313-manylinux_2_31_riscv64.manylinux_2_39_riscv64.whl", hash = "sha256:242b60c21e30866e6a2fa606c612b47c553fa60c0eaeeeb7797fb842ac0ce609", size = 161043, upload-time = "2026-07-28T06:04:54.936Z" },
    { url = "https://files.pythonhosted.org/packages/01/e1/45d3cf74414780bdff6d0380467e003f6eb0f028b6c9403db868dbc7209c/wrapt-2.3.0-cp313-cp313-musllinux_1_2_aarch64.whl", hash = "sha256:e3f3d7ec0a51fbfe00d3aef047641ff2c58b25565b4717fc1f90e050be01cba8", size = 168576, upload-time = "2026-07-28T06:04:56.261Z" },
    { url = "https://files.pythonhosted.org/packages/f3/73/2fa58dd97f191c997755e2c6d569a68f0c433db4e4b36099bdd7227b6cac/wrapt-2.3.0-cp313-cp313-musllinux_1_2_riscv64.whl", hash = "sha256:261f53870cd4fb2bf38f9f972c56c728fd224cb7c65721307de59d9e7e6741ae", size = 159140, upload-time = "2026-07-28T06:04:57.754Z" },
    { url = "https://files.pythonhosted.org/packages/29/a8/08a56e2000a8816d449dcbad8c8b081697acbbd490821ceca0f9d8e8d20c/wrapt-2.3.0-cp313-cp313-musllinux_1_2_x86_64.whl", hash = "sha256:8159ec0b0cb7608175eb150de94c19e34f4d47ac655f5ca9baf45df6b688ffd3", size = 169263, upload-time = "2026-07-28T06:04:59.161Z" },
    { url = "https://files.pythonhosted.org/packages/9e/d4/354e1725e35a73b2af4fa70a3e024c7a5d1bf1802dfb862dcb668aae0253/wrapt-2.3.0-cp313-cp313-win32.whl", hash = "sha256:10461884b3014fbfc8eb7d09a93c5f246363e6711d9d881f95eb8c27fdef049f", size = 78241, upload-time = "2026-07-28T06:05:00.507Z" },
    { url = "https://files.pythonhosted.org/packages/6c/7e/34c87fa2174848dfee820322aaa318bab08913998ccecc8d2f57b4ad4639/wrapt-2.3.0-cp313-cp313-win_amd64.whl", hash = "sha256:ac870cc97b73bb00ac353329e9559a4bebc47c4c86792ed9b23b58c15b6ad838", size = 81113, upload-time = "2026-07-28T06:05:01.839Z" },
    { url = "https://files.pythonhosted.org/packages/11/86/fcc9a530579e008c9478bb565a6cdfbfd33536660f069c8b91a6607c5050/wrapt-2.3.0-cp313-cp313-win_arm64.whl", hash = "sha256:a65e8db2b4e90c2e7ade931086351c98ef420bf7a94ee08c95ac8a3cbbc43579", size = 80182, upload-time = "2026-07-28T06:05:03.152Z" },
    { url = "https://files.pythonhosted.org/packages/96/50/3864848b95b28ef73e17551fc8dccbff2628a834f52cf26a57f9c419fb83/wrapt-2.3.0-cp313-cp313t-macosx_10_13_x86_64.whl", hash = "sha256:fd1f2f557dd3491fe75905e578f4db967393d40d1a8f468edc4d40ac7f2d5944", size = 83921, upload-time = "2026-07-28T06:05:04.476Z" },
    { url = "https://files.pythonhosted.org/packages/3b/4c/3d1921a60c3e8c71c540ff136e6a47a1fbccf7f671e818394889f7871d9c/wrapt-2.3.0-cp313-cp313t-macosx_11_0_arm64.whl", hash = "sha256:9f5d2aec29dfc76c37e23897dee92766a3fd4f3bff3ae7fc9c6b4bf37d8c1360", size = 84412, upload-time = "2026-07-28T06:05:05.921Z" },
    { url = "https://files.pythonhosted.org/packages/fa/1a/4a796ff7adb26ada6d4b758c94d47a38320b085e7099afc088efbbcdb006/wrapt-2.3.0-cp313-cp313t-manylinux1_x86_64.manylinux_2_28_x86_64.manylinux_2_5_x86_64.whl", hash = "sha256:646d20d413ffcd1b0a2f700076e2d0252d872dcb7754860a73e45a59ea883614", size = 207168, upload-time = "2026-07-28T06:05:07.256Z" },
    { url = "https://files.pythonhosted.org/packages/1d/3e/d7777776806c579b761bac2f91721dda9f04c7a1b380213c5935cc750ae6/wrapt-2.3.0-cp313-cp313t-manylinux2014_aarch64.manylinux_2_17_aarch64.manylinux_2_28_aarch64.whl", hash = "sha256:379f670f45b7bb8993edd9f6fc36c6cc65edb81cffa0b504be34acb0303fff0a", size = 214351, upload-time = "2026-07-28T06:05:08.945Z" },
    { url = "https://files.pythonhosted.org/packages/63/27/2d64d394df7bf181955b3bb562bf33c4492fb4be113f53071106d43ad8b5/wrapt-2.3.0-cp313-cp313t-manylinux_2_31_riscv64.manylinux_2_39_riscv64.whl", hash = "sha256:6208f302f110295d64b22a7ac96500c791bf492dce4366e622e4912b077c9687", size = 199020, upload-time = "2026-07-28T06:05:10.418Z" },
    { url = "https://files.pythonhosted.org/packages/3e/3d/fb31d3db7d9834d265fb1a27a2adf0ddf51557c67458c97b22439ad6ae3d/wrapt-2.3.0-cp313-cp313t-musllinux_1_2_aarch64.whl", hash = "sha256:ed635a9ca4f3a5a2b900c10c69e823373bc00ebc114b459383596d3487da3570", size = 209969, upload-time = "2026-07-28T06:05:11.983Z" },
    { url = "https://files.pythonhosted.org/packages/1f/d1/8724b5da582e62070dc9bf4d8bf1972f317297eefd7ba1f2b5c6393ccf6c/wrapt-2.3.0-cp313-cp313t-musllinux_1_2_riscv64.whl", hash = "sha256:e3b9eaa742ae7a0aaaaad4ca4b69469d757af2d6e6663ef1dadc47adec0aeb41", size = 196324, upload-time = "2026-07-28T06:05:13.557Z" },
    { url = "https://files.pythonhosted.org/packages/0d/5c/3d9ef411149543016ee6bcf3af707f787cebd946527452b94bf122e9b7b4/wrapt-2.3.0-cp313-cp313t-musllinux_1_2_x86_64.whl", hash = "sha256:d0f7284f88f4833705132d06d3b425a43095c2cbd07c58166aac3ab646ba12a4", size = 202610, upload-time = "2026-07-28T06:05:15.048Z" },
    { url = "https://files.pythonhosted.org/packages/13/9b/4fc042ceb757866dd4a5fc057b3b736f2b360d3703ce9f830d83dc9226e0/wrapt-2.3.0-cp313-cp313t-win32.whl", hash = "sha256:7ebb274aba688b043429eb1500ff8a76ce0cb8ac0812ca3e301f06247b8722b3", size = 79178, upload-time = "2026-07-28T06:05:16.469Z" },
    { url = "https://files.pythonhosted.org/packages/6b/ff/b94878f8eed809ca042685276bcea9f24e8c2ca7c9653bb80bbb920a68a5/wrapt-2.3.0-cp313-cp313t-win_amd64.whl", hash = "sha256:c4bded758ad6f03b965830944a2f0bc5b2eb3767fe5a7310134315d1a6610e98", size = 82634, upload-time = "2026-07-28T06:05:18.026Z" },
    { url = "https://files.pythonhosted.org/packages/80/fb/663e1de5332a71685a729754312d327d4cada767c36e1c5a2db4c8de49e6/wrapt-2.3.0-cp313-cp313t-win_arm64.whl", hash = "sha256:d2cc64539da63e39ffb9c7ede849b6e8ddaaf7b3876b5cfb04efd85a5f3f4eb6", size = 81387, upload-time = "2026-07-28T06:05:19.417Z" },
    { url = "https://files.pythonhosted.org/packages/58/10/b073beaea89bc0d3670a75ff51139430a54b6af7ba7796507730634536dd/wrapt-2.3.0-cp314-cp314-macosx_10_15_x86_64.whl", hash = "sha256:ea52a0d0f08c584943d5764be0e84efa912c8da23c23e1e285ff2f5641c18fcc", size = 81978, upload-time = "2026-07-28T06:05:21.133Z" },
    { url = "https://files.pythonhosted.org/packages/b3/31/0916d9cebf848ed3f1a0c1888faee421747df77331e4db2bc527a9a85988/wrapt-2.3.0-cp314-cp314-macosx_11_0_arm64.whl", hash = "sha256:fd85b0aa88efdb189d6ae2f35f4526943a8f091c38599c9c31478241c819e6a1", size = 82518, upload-time = "2026-07-28T06:05:22.562Z" },
    { url = "https://files.pythonhosted.org/packages/f5/73/31c1bf0f3384062751c2094dadb314916d70aa9b6bfd26d994b4a7b393fa/wrapt-2.3.0-cp314-cp314-manylinux1_x86_64.manylinux_2_28_x86_64.manylinux_2_5_x86_64.whl", hash = "sha256:141ed6211286a9660d8d6702de598b43f0934b4f0eda16393f100a80f501d945", size = 170187, upload-time = "2026-07-28T06:05:23.904Z" },
    { url = "https://files.pythonhosted.org/packages/ed/25/fce087d54b79b8905f3c3c9dd5f454bbd8d8acb80b960c4a6aee5b4659b3/wrapt-2.3.0-cp314-cp314-manylinux2014_aarch64.manylinux_2_17_aarch64.manylinux_2_28_aarch64.whl", hash = "sha256:2e49885a62ec4ee854d1b9e6371fda6afd219917225752abf729a3f36d4df9a5", size = 169288, upload-time = "2026-07-28T06:05:25.378Z" },
    { url = "https://files.pythonhosted.org/packages/c7/30/0d09e6dddc6b7a7230ac77f50254b5980ab4fcd22976f72f8cc8a0404458/wrapt-2.3.0-cp314-cp314-manylinux_2_31_riscv64.manylinux_2_39_riscv64.whl", hash = "sha256:1d6159c9b2fefec02314e1332dbbbfaf960e369dfd26bcf7f8b258b5732065b3", size = 160932, upload-time = "2026-07-28T06:05:27.022Z" },
    { url = "https://files.pythonhosted.org/packages/2c/ca/0913af0d2ec0c43865d32d615f518fea66c13c5c930e489e9b0de248e9a8/wrapt-2.3.0-cp314-cp314-musllinux_1_2_aarch64.whl", hash = "sha256:24da48596326ef8e448cfa837b454f638713d3531262375f00e5a9681682fc07", size = 169017, upload-time = "2026-07-28T06:05:28.501Z" },
    { url = "https://files.pythonhosted.org/packages/c3/f2/3d1e47ea81b822210f5df1bf942fd90780a75c055243d569b664529dea88/wrapt-2.3.0-cp314-cp314-musllinux_1_2_riscv64.whl", hash = "sha256:cd3a2edf0427013736b8127955cec62608c56e53ea47e82812ea32059cda407f", size = 159065, upload-time = "2026-07-28T06:05:30.01Z" },
    { url = "https://files.pythonhosted.org/packages/43/a5/ef2066ced8e5fca204e2b361e9708e36555b40949c583d997ea3b590817d/wrapt-2.3.0-cp314-cp314-musllinux_1_2_x86_64.whl", hash = "sha256:4fa0df3bff4e7ce45759f33fd39335fe2f60477bb9ecf7b8aa41e7d07ee36a23", size = 168821, upload-time = "2026-07-28T06:05:31.649Z" },
    { url = "https://files.pythonhosted.org/packages/d5/e1/016104650d4e572fa91506eb396b3dd8efbccc9284fdc1c9479c3d21db28/wrapt-2.3.0-cp314-cp314-win32.whl", hash = "sha256:2935d5454b3f179a29b12cf390ee47246740ba2c3a7545b1b46ba31a5f2a4a0b", size = 78700, upload-time = "2026-07-28T06:05:33.391Z" },
    { url = "https://files.pythonhosted.org/packages/3d/97/6fdc20a9f2ca304748b3f0819cbf377d55260562777bf0b615431bc3c181/wrapt-2.3.0-cp314-cp314-win_amd64.whl", hash = "sha256:cc2cea812e5cb179a796b766747e7d3b21088760d8deb95676d482b8c8e6fa7d", size = 81422, upload-time = "2026-07-28T06:05:34.774Z" },
    { url = "https://files.pythonhosted.org/packages/5e/a4/9cbd53bf05746bea2c392af39cb052427a8ec95cbd494d930733d8f44681/wrapt-2.3.0-cp314-cp314-win_arm64.whl", hash = "sha256:22cc5c0a717bd4da87018ae0bffd4c19c6fb679d3ff357216ba566ab26c76cab", size = 80639, upload-time = "2026-07-28T06:05:36.228Z" },
    { url = "https://files.pythonhosted.org/packages/43/bb/6c5e4a0f66ea0d2b2dd267e8dd05a0014eea56840b3c8595d40b0a5d1f91/wrapt-2.3.0-cp314-cp314t-macosx_10_15_x86_64.whl", hash = "sha256:a6b5984cd65dd639546f0eb4b8eacf1c31cb2fe9fb5c27bffe240987cdb2cf84", size = 84030, upload-time = "2026-07-28T06:05:37.714Z" },
    { url = "https://files.pythonhosted.org/packages/6a/eb/a1aedf03283bc9cbf8a1783995ddc54e3c5a86878f19002d2c428494f4c5/wrapt-2.3.0-cp314-cp314t-macosx_11_0_arm64.whl", hash = "sha256:c88abcf53daef80e01a75c7530e727fa6e2c1888fe83e3dcdba4c96216a1f5c7", size = 84419, upload-time = "2026-07-28T06:05:39.131Z" },
    { url = "https://files.pythonhosted.org/packages/63/61/50d511c0dc5105563849e86daa3e16ac7feef699f79fb05af45ea70107d5/wrapt-2.3.0-cp314-cp314t-manylinux1_x86_64.manylinux_2_28_x86_64.manylinux_2_5_x86_64.whl", hash = "sha256:85de890ff968196e92dd1ae73a9fb8970495e7650a457b1c9ef0ac3dd550bce2", size = 207171, upload-time = "2026-07-28T06:05:40.69Z" },
    { url = "https://files.pythonhosted.org/packages/3f/59/9b538cf7795217e810699d16bc88b96a830d9b5c403eb2ec2db6b5f2ae81/wrapt-2.3.0-cp314-cp314t-manylinux2014_aarch64.manylinux_2_17_aarch64.manylinux_2_28_aarch64.whl", hash = "sha256:50f416b74d092bb9f41b424e90dd457f365f7ba4b11de62a23679769a21bd85c", size = 214329, upload-time = "2026-07-28T06:05:42.287Z" },
    { url = "https://files.pythonhosted.org/packages/b3/28/9935d62b1499e5c8b3d191e99ba4eb31ca237a0b699142011a837e9dc7ea/wrapt-2.3.0-cp314-cp314t-manylinux_2_31_riscv64.manylinux_2_39_riscv64.whl", hash = "sha256:39febbee6d77301d31da6996b152ce52452da7c7ef72aba10c2fa976dff9c295", size = 199079, upload-time = "2026-07-28T06:05:43.958Z" },
    { url = "https://files.pythonhosted.org/packages/2b/01/4446b80fa2ffa47a3449b250d004ba1c1937f07f64a179608fec735df866/wrapt-2.3.0-cp314-cp314t-musllinux_1_2_aarch64.whl", hash = "sha256:93513bec052c6cd987f9f580c3df068c8bc4ebae6543736be3ca7ec5959cafcd", size = 209992, upload-time = "2026-07-28T06:05:45.677Z" },
    { url = "https://files.pythonhosted.org/packages/d4/07/56f26c9f9979586a021e8148747004aba4498f49458c90b0502969b904e1/wrapt-2.3.0-cp314-cp314t-musllinux_1_2_riscv64.whl", hash = "sha256:729126e667da34d251b8ebf8a45ef0c5ddadc21542b3d6e1abf4259ece6508df", size = 196334, upload-time = "2026-07-28T06:05:47.608Z" },
    { url = "https://files.pythonhosted.org/packages/8b/41/6d7bcc895b0f28b2250e10908f060687b9165429dcd7f22ddb3d4c031b74/wrapt-2.3.0-cp314-cp314t-musllinux_1_2_x86_64.whl", hash = "sha256:626b69db2021aa01671ec7bbc9740e558522bd44c18cf2ce69bf3d666a014109", size = 202644, upload-time = "2026-07-28T06:05:49.183Z" },
    { url = "https://files.pythonhosted.org/packages/cd/25/7860927edba06b758b8852a6f02e832be715563c67a6795d94350bc81099/wrapt-2.3.0-cp314-cp314t-win32.whl", hash = "sha256:629d73378082c00a8173031f9fb30a3ac6abbc894a5bfdfae71fabc60642d501", size = 79685, upload-time = "2026-07-28T06:05:50.976Z" },
    { url = "https://files.pythonhosted.org/packages/c4/0f/270bafe92fde3b069a39bc01e39ee79340895b335640df861d43d2a51885/wrapt-2.3.0-cp314-cp314t-win_amd64.whl", hash = "sha256:42869085687f0aefd57c0f636c3f9354f8ffb321a8ba9cb52d19beb796e561c5", size = 83104, upload-time = "2026-07-28T06:05:52.405Z" },
    { url = "https://files.pythonhosted.org/packages/55/b3/af176d79a8515a8a720eccdad9a96f6e31a30abf2865430c8c42adf2fd13/wrapt-2.3.0-cp314-cp314t-win_arm64.whl", hash = "sha256:b1e5aa486e269b00ed35e64771c7d0ab8096cfd2643405ca8cd60ebedc099a51", size = 81774, upload-time = "2026-07-28T06:05:53.902Z" },
    { url = "https://files.pythonhosted.org/packages/00/39/3daf9f47be208606586de4568ba6713db53ebc8fd7a575aea1fe57983b69/wrapt-2.3.0-py3-none-any.whl", hash = "sha256:d8c7ed08477429752b8c44991f40ad7838b18332a160698740a6bfbc10d998a2", size = 61866, upload-time = "2026-07-28T06:06:12.9Z" },
]
